{
  "originHash" : "5350c19cc4b216ff7329415be7d066e39e27a67d3fed1522c7fdc4860902909d",
  "pins" : [
    {
      "identity" : "mixpanel-swift",
      "kind" : "remoteSourceControl",
      "location" : "https://github.com/mixpanel/mixpanel-swift",
      "state" : {
        "branch" : "master",
        "revision" : "e8c8783d94f5fa2680f3e6eac202964c3db4d410"
      }
    },
    {
      "identity" : "posthog-ios",
      "kind" : "remoteSourceControl",
      "location" : "https://github.com/PostHog/posthog-ios.git",
      "state" : {
        "revision" : "d6fde6cea4fbb2f968f116aa04572c39297a8c2b",
        "version" : "3.26.2"
      }
    },
    {
      "identity" : "purchases-ios",
      "kind" : "remoteSourceControl",
      "location" : "https://github.com/RevenueCat/purchases-ios.git",
      "state" : {
        "revision" : "cdfe7100fc8cca4a655a9c0f1d34e1fcbc40edd0",
        "version" : "5.28.1"
      }
    },
    {
      "identity" : "sentry-cocoa",
      "kind" : "remoteSourceControl",
      "location" : "https://github.com/getsentry/sentry-cocoa",
      "state" : {
        "revision" : "930b78a63f47549c81e6e63c9172584f7d3dfdd6",
        "version" : "8.52.1"
      }
    },
    {
      "identity" : "superscript-ios",
      "kind" : "remoteSourceControl",
      "location" : "https://github.com/superwall/Superscript-iOS",
      "state" : {
        "revision" : "5f99cecebdbbdb0be96f413dbd0e7458180977ed",
        "version" : "0.2.8"
      }
    },
    {
      "identity" : "superwall-ios",
      "kind" : "remoteSourceControl",
      "location" : "https://github.com/superwall-me/Superwall-iOS",
      "state" : {
        "revision" : "0174b92b0dd3321c1c3378f1703ec33c16491b89",
        "version" : "4.5.1"
      }
    },
    {
      "identity" : "swiftclient",
      "kind" : "remoteSourceControl",
      "location" : "https://github.com/TelemetryDeck/SwiftClient",
      "state" : {
        "revision" : "d20ccc4b8266cf739eede58cdfc7e9c6ffb41cda",
        "version" : "1.5.1"
      }
    }
  ],
  "version" : 3
}
