{
  "originHash" : "1fb08d40a3109a8fe246e7c73ccffddd55b046e7dc08ac986ce9889b7506dcee",
  "pins" : [
    {
      "identity" : "posthog-ios",
      "kind" : "remoteSourceControl",
      "location" : "https://github.com/PostHog/posthog-ios.git",
      "state" : {
        "revision" : "d6fde6cea4fbb2f968f116aa04572c39297a8c2b",
        "version" : "3.26.2"
      }
    },
    {
      "identity" : "purchases-ios",
      "kind" : "remoteSourceControl",
      "location" : "https://github.com/RevenueCat/purchases-ios.git",
      "state" : {
        "revision" : "cdfe7100fc8cca4a655a9c0f1d34e1fcbc40edd0",
        "version" : "5.28.1"
      }
    },
    {
      "identity" : "sentry-cocoa",
      "kind" : "remoteSourceControl",
      "location" : "https://github.com/getsentry/sentry-cocoa",
      "state" : {
        "revision" : "930b78a63f47549c81e6e63c9172584f7d3dfdd6",
        "version" : "8.52.1"
      }
    },
    {
      "identity" : "superscript-ios",
      "kind" : "remoteSourceControl",
      "location" : "https://github.com/superwall/Superscript-iOS",
      "state" : {
        "revision" : "5f99cecebdbbdb0be96f413dbd0e7458180977ed",
        "version" : "0.2.8"
      }
    },
    {
      "identity" : "superwall-ios",
      "kind" : "remoteSourceControl",
      "location" : "https://github.com/superwall-me/Superwall-iOS",
      "state" : {
        "revision" : "0174b92b0dd3321c1c3378f1703ec33c16491b89",
        "version" : "4.5.1"
      }
    }
  ],
  "version" : 3
}
